
Microsoft Visual Studio Solution File, Format Version 12.00
# Visual Studio 2012
Project("{FAE04EC0-301F-11D3-BF4B-00C04F79EFBC}") = "BS.DesktopUI", "BS.DesktopUI\BS.DesktopUI.csproj", "{A25B5739-69D4-4E1B-A1B7-93D76E03CF4F}"
EndProject
Project("{FAE04EC0-301F-11D3-BF4B-00C04F79EFBC}") = "BS.Entities", "BS.Entities\BS.Entities.csproj", "{45BFD36B-D8CF-401D-B80E-33D93F4B5481}"
EndProject
Project("{FAE04EC0-301F-11D3-BF4B-00C04F79EFBC}") = "BS.Repositories", "BS.Repositories\BS.Repositories.csproj", "{193C33D4-363C-44AB-AD01-6C4AD7843EAD}"
EndProject
Project("{FAE04EC0-301F-11D3-BF4B-00C04F79EFBC}") = "BS.Repositories.Fake", "BS.Repositories.Fake\BS.Repositories.Fake.csproj", "{63A71F91-43C4-42CF-9FB8-944C2303392C}"
EndProject
Global
	GlobalSection(SolutionConfigurationPlatforms) = preSolution
		Debug|Any CPU = Debug|Any CPU
		Release|Any CPU = Release|Any CPU
	EndGlobalSection
	GlobalSection(ProjectConfigurationPlatforms) = postSolution
		{A25B5739-69D4-4E1B-A1B7-93D76E03CF4F}.Debug|Any CPU.ActiveCfg = Debug|Any CPU
		{A25B5739-69D4-4E1B-A1B7-93D76E03CF4F}.Debug|Any CPU.Build.0 = Debug|Any CPU
		{A25B5739-69D4-4E1B-A1B7-93D76E03CF4F}.Release|Any CPU.ActiveCfg = Release|Any CPU
		{A25B5739-69D4-4E1B-A1B7-93D76E03CF4F}.Release|Any CPU.Build.0 = Release|Any CPU
		{45BFD36B-D8CF-401D-B80E-33D93F4B5481}.Debug|Any CPU.ActiveCfg = Debug|Any CPU
		{45BFD36B-D8CF-401D-B80E-33D93F4B5481}.Debug|Any CPU.Build.0 = Debug|Any CPU
		{45BFD36B-D8CF-401D-B80E-33D93F4B5481}.Release|Any CPU.ActiveCfg = Release|Any CPU
		{45BFD36B-D8CF-401D-B80E-33D93F4B5481}.Release|Any CPU.Build.0 = Release|Any CPU
		{193C33D4-363C-44AB-AD01-6C4AD7843EAD}.Debug|Any CPU.ActiveCfg = Debug|Any CPU
		{193C33D4-363C-44AB-AD01-6C4AD7843EAD}.Debug|Any CPU.Build.0 = Debug|Any CPU
		{193C33D4-363C-44AB-AD01-6C4AD7843EAD}.Release|Any CPU.ActiveCfg = Release|Any CPU
		{193C33D4-363C-44AB-AD01-6C4AD7843EAD}.Release|Any CPU.Build.0 = Release|Any CPU
		{63A71F91-43C4-42CF-9FB8-944C2303392C}.Debug|Any CPU.ActiveCfg = Debug|Any CPU
		{63A71F91-43C4-42CF-9FB8-944C2303392C}.Debug|Any CPU.Build.0 = Debug|Any CPU
		{63A71F91-43C4-42CF-9FB8-944C2303392C}.Release|Any CPU.ActiveCfg = Release|Any CPU
		{63A71F91-43C4-42CF-9FB8-944C2303392C}.Release|Any CPU.Build.0 = Release|Any CPU
	EndGlobalSection
	GlobalSection(SolutionProperties) = preSolution
		HideSolutionNode = FALSE
	EndGlobalSection
EndGlobal
